// !$*UTF8*$!
{
	archiveVersion = 1;
	classes = {
	};
	objectVersion = 46;
	objects = {

/* Begin PBXBuildFile section */
		58E3DDBD4BB234800073FB7C /* Pods_MenuBarTest3Tests.framework in Frameworks */ = {isa = PBXBuildFile; fileRef = 5F2E8FF8D9E087D871ACC115 /* Pods_MenuBarTest3Tests.framework */; };
		5D5BE1E0D255AA9332B1BB3A /* Pods_MenuBarTest3.framework in Frameworks */ = {isa = PBXBuildFile; fileRef = 970133BBBD46BC95807D4213 /* Pods_MenuBarTest3.framework */; };
		A4BF386D205EC1BD72999F95 /* Pods_MenuBarTest3UITests.framework in Frameworks */ = {isa = PBXBuildFile; fileRef = DF8152CCD692410B053489C1 /* Pods_MenuBarTest3UITests.framework */; };
		ACEE237C1E485AD300A48BA1 /* AppDelegate.swift in Sources */ = {isa = PBXBuildFile; fileRef = ACEE237B1E485AD300A48BA1 /* AppDelegate.swift */; };
		ACEE237E1E485AD300A48BA1 /* ViewController.swift in Sources */ = {isa = PBXBuildFile; fileRef = ACEE237D1E485AD300A48BA1 /* ViewController.swift */; };
		ACEE23811E485AD300A48BA1 /* Main.storyboard in Resources */ = {isa = PBXBuildFile; fileRef = ACEE237F1E485AD300A48BA1 /* Main.storyboard */; };
		ACEE23831E485AD300A48BA1 /* Assets.xcassets in Resources */ = {isa = PBXBuildFile; fileRef = ACEE23821E485AD300A48BA1 /* Assets.xcassets */; };
		ACEE23861E485AD300A48BA1 /* LaunchScreen.storyboard in Resources */ = {isa = PBXBuildFile; fileRef = ACEE23841E485AD300A48BA1 /* LaunchScreen.storyboard */; };
		ACEE23911E485AD300A48BA1 /* MenuBarTest3Tests.swift in Sources */ = {isa = PBXBuildFile; fileRef = ACEE23901E485AD300A48BA1 /* MenuBarTest3Tests.swift */; };
		ACEE239C1E485AD300A48BA1 /* MenuBarTest3UITests.swift in Sources */ = {isa = PBXBuildFile; fileRef = ACEE239B1E485AD300A48BA1 /* MenuBarTest3UITests.swift */; };
		ACEE23AC1E48688400A48BA1 /* ChildViewController1.swift in Sources */ = {isa = PBXBuildFile; fileRef = ACEE23AB1E48688400A48BA1 /* ChildViewController1.swift */; };
		ACEE23AE1E48689100A48BA1 /* ChildViewController2.swift in Sources */ = {isa = PBXBuildFile; fileRef = ACEE23AD1E48689100A48BA1 /* ChildViewController2.swift */; };
/* End PBXBuildFile section */

/* Begin PBXContainerItemProxy section */
		ACEE238D1E485AD300A48BA1 /* PBXContainerItemProxy */ = {
			isa = PBXContainerItemProxy;
			containerPortal = ACEE23701E485AD300A48BA1 /* Project object */;
			proxyType = 1;
			remoteGlobalIDString = ACEE23771E485AD300A48BA1;
			remoteInfo = MenuBarTest3;
		};
		ACEE23981E485AD300A48BA1 /* PBXContainerItemProxy */ = {
			isa = PBXContainerItemProxy;
			containerPortal = ACEE23701E485AD300A48BA1 /* Project object */;
			proxyType = 1;
			remoteGlobalIDString = ACEE23771E485AD300A48BA1;
			remoteInfo = MenuBarTest3;
		};
/* End PBXContainerItemProxy section */

/* Begin PBXFileReference section */
		460F15197C197E5E3B12A5DE /* Pods-MenuBarTest3.release.xcconfig */ = {isa = PBXFileReference; includeInIndex = 1; lastKnownFileType = text.xcconfig; name = "Pods-MenuBarTest3.release.xcconfig"; path = "Pods/Target Support Files/Pods-MenuBarTest3/Pods-MenuBarTest3.release.xcconfig"; sourceTree = "<group>"; };
		547EAA5BE3D78630B8386D20 /* Pods-MenuBarTest3UITests.debug.xcconfig */ = {isa = PBXFileReference; includeInIndex = 1; lastKnownFileType = text.xcconfig; name = "Pods-MenuBarTest3UITests.debug.xcconfig"; path = "Pods/Target Support Files/Pods-MenuBarTest3UITests/Pods-MenuBarTest3UITests.debug.xcconfig"; sourceTree = "<group>"; };
		5923AE31B3D95D4B0B595BCD /* Pods-MenuBarTest3Tests.release.xcconfig */ = {isa = PBXFileReference; includeInIndex = 1; lastKnownFileType = text.xcconfig; name = "Pods-MenuBarTest3Tests.release.xcconfig"; path = "Pods/Target Support Files/Pods-MenuBarTest3Tests/Pods-MenuBarTest3Tests.release.xcconfig"; sourceTree = "<group>"; };
		5F2E8FF8D9E087D871ACC115 /* Pods_MenuBarTest3Tests.framework */ = {isa = PBXFileReference; explicitFileType = wrapper.framework; includeInIndex = 0; path = Pods_MenuBarTest3Tests.framework; sourceTree = BUILT_PRODUCTS_DIR; };
		7B094D96C51FF8054AE454FC /* Pods-MenuBarTest3.debug.xcconfig */ = {isa = PBXFileReference; includeInIndex = 1; lastKnownFileType = text.xcconfig; name = "Pods-MenuBarTest3.debug.xcconfig"; path = "Pods/Target Support Files/Pods-MenuBarTest3/Pods-MenuBarTest3.debug.xcconfig"; sourceTree = "<group>"; };
		970133BBBD46BC95807D4213 /* Pods_MenuBarTest3.framework */ = {isa = PBXFileReference; explicitFileType = wrapper.framework; includeInIndex = 0; path = Pods_MenuBarTest3.framework; sourceTree = BUILT_PRODUCTS_DIR; };
		ACEE23781E485AD300A48BA1 /* MenuBarTest3.app */ = {isa = PBXFileReference; explicitFileType = wrapper.application; includeInIndex = 0; path = MenuBarTest3.app; sourceTree = BUILT_PRODUCTS_DIR; };
		ACEE237B1E485AD300A48BA1 /* AppDelegate.swift */ = {isa = PBXFileReference; lastKnownFileType = sourcecode.swift; path = AppDelegate.swift; sourceTree = "<group>"; };
		ACEE237D1E485AD300A48BA1 /* ViewController.swift */ = {isa = PBXFileReference; lastKnownFileType = sourcecode.swift; path = ViewController.swift; sourceTree = "<group>"; };
		ACEE23801E485AD300A48BA1 /* Base */ = {isa = PBXFileReference; lastKnownFileType = file.storyboard; name = Base; path = Base.lproj/Main.storyboard; sourceTree = "<group>"; };
		ACEE23821E485AD300A48BA1 /* Assets.xcassets */ = {isa = PBXFileReference; lastKnownFileType = folder.assetcatalog; path = Assets.xcassets; sourceTree = "<group>"; };
		ACEE23851E485AD300A48BA1 /* Base */ = {isa = PBXFileReference; lastKnownFileType = file.storyboard; name = Base; path = Base.lproj/LaunchScreen.storyboard; sourceTree = "<group>"; };
		ACEE23871E485AD300A48BA1 /* Info.plist */ = {isa = PBXFileReference; lastKnownFileType = text.plist.xml; path = Info.plist; sourceTree = "<group>"; };
		ACEE238C1E485AD300A48BA1 /* MenuBarTest3Tests.xctest */ = {isa = PBXFileReference; explicitFileType = wrapper.cfbundle; includeInIndex = 0; path = MenuBarTest3Tests.xctest; sourceTree = BUILT_PRODUCTS_DIR; };
		ACEE23901E485AD300A48BA1 /* MenuBarTest3Tests.swift */ = {isa = PBXFileReference; lastKnownFileType = sourcecode.swift; path = MenuBarTest3Tests.swift; sourceTree = "<group>"; };
		ACEE23921E485AD300A48BA1 /* Info.plist */ = {isa = PBXFileReference; lastKnownFileType = text.plist.xml; path = Info.plist; sourceTree = "<group>"; };
		ACEE23971E485AD300A48BA1 /* MenuBarTest3UITests.xctest */ = {isa = PBXFileReference; explicitFileType = wrapper.cfbundle; includeInIndex = 0; path = MenuBarTest3UITests.xctest; sourceTree = BUILT_PRODUCTS_DIR; };
		ACEE239B1E485AD300A48BA1 /* MenuBarTest3UITests.swift */ = {isa = PBXFileReference; lastKnownFileType = sourcecode.swift; path = MenuBarTest3UITests.swift; sourceTree = "<group>"; };
		ACEE239D1E485AD300A48BA1 /* Info.plist */ = {isa = PBXFileReference; lastKnownFileType = text.plist.xml; path = Info.plist; sourceTree = "<group>"; };
		ACEE23AB1E48688400A48BA1 /* ChildViewController1.swift */ = {isa = PBXFileReference; fileEncoding = 4; lastKnownFileType = sourcecode.swift; path = ChildViewController1.swift; sourceTree = "<group>"; };
		ACEE23AD1E48689100A48BA1 /* ChildViewController2.swift */ = {isa = PBXFileReference; fileEncoding = 4; lastKnownFileType = sourcecode.swift; path = ChildViewController2.swift; sourceTree = "<group>"; };
		BFD230ADA25B7B05155C98D4 /* Pods-MenuBarTest3UITests.release.xcconfig */ = {isa = PBXFileReference; includeInIndex = 1; lastKnownFileType = text.xcconfig; name = "Pods-MenuBarTest3UITests.release.xcconfig"; path = "Pods/Target Support Files/Pods-MenuBarTest3UITests/Pods-MenuBarTest3UITests.release.xcconfig"; sourceTree = "<group>"; };
		DF8152CCD692410B053489C1 /* Pods_MenuBarTest3UITests.framework */ = {isa = PBXFileReference; explicitFileType = wrapper.framework; includeInIndex = 0; path = Pods_MenuBarTest3UITests.framework; sourceTree = BUILT_PRODUCTS_DIR; };
		EE08A50D88EF64ECBC594055 /* Pods-MenuBarTest3Tests.debug.xcconfig */ = {isa = PBXFileReference; includeInIndex = 1; lastKnownFileType = text.xcconfig; name = "Pods-MenuBarTest3Tests.debug.xcconfig"; path = "Pods/Target Support Files/Pods-MenuBarTest3Tests/Pods-MenuBarTest3Tests.debug.xcconfig"; sourceTree = "<group>"; };
/* End PBXFileReference section */

/* Begin PBXFrameworksBuildPhase section */
		ACEE23751E485AD300A48BA1 /* Frameworks */ = {
			isa = PBXFrameworksBuildPhase;
			buildActionMask = 2147483647;
			files = (
				5D5BE1E0D255AA9332B1BB3A /* Pods_MenuBarTest3.framework in Frameworks */,
			);
			runOnlyForDeploymentPostprocessing = 0;
		};
		ACEE23891E485AD300A48BA1 /* Frameworks */ = {
			isa = PBXFrameworksBuildPhase;
			buildActionMask = 2147483647;
			files = (
				58E3DDBD4BB234800073FB7C /* Pods_MenuBarTest3Tests.framework in Frameworks */,
			);
			runOnlyForDeploymentPostprocessing = 0;
		};
		ACEE23941E485AD300A48BA1 /* Frameworks */ = {
			isa = PBXFrameworksBuildPhase;
			buildActionMask = 2147483647;
			files = (
				A4BF386D205EC1BD72999F95 /* Pods_MenuBarTest3UITests.framework in Frameworks */,
			);
			runOnlyForDeploymentPostprocessing = 0;
		};
/* End PBXFrameworksBuildPhase section */

/* Begin PBXGroup section */
		60C5BAF182E449B3CFDF4F9E /* Pods */ = {
			isa = PBXGroup;
			children = (
				7B094D96C51FF8054AE454FC /* Pods-MenuBarTest3.debug.xcconfig */,
				460F15197C197E5E3B12A5DE /* Pods-MenuBarTest3.release.xcconfig */,
				EE08A50D88EF64ECBC594055 /* Pods-MenuBarTest3Tests.debug.xcconfig */,
				5923AE31B3D95D4B0B595BCD /* Pods-MenuBarTest3Tests.release.xcconfig */,
				547EAA5BE3D78630B8386D20 /* Pods-MenuBarTest3UITests.debug.xcconfig */,
				BFD230ADA25B7B05155C98D4 /* Pods-MenuBarTest3UITests.release.xcconfig */,
			);
			name = Pods;
			sourceTree = "<group>";
		};
		ACEE236F1E485AD300A48BA1 = {
			isa = PBXGroup;
			children = (
				ACEE237A1E485AD300A48BA1 /* MenuBarTest3 */,
				ACEE238F1E485AD300A48BA1 /* MenuBarTest3Tests */,
				ACEE239A1E485AD300A48BA1 /* MenuBarTest3UITests */,
				ACEE23791E485AD300A48BA1 /* Products */,
				60C5BAF182E449B3CFDF4F9E /* Pods */,
				DB41E41E1645297D7E8043F8 /* Frameworks */,
			);
			sourceTree = "<group>";
		};
		ACEE23791E485AD300A48BA1 /* Products */ = {
			isa = PBXGroup;
			children = (
				ACEE23781E485AD300A48BA1 /* MenuBarTest3.app */,
				ACEE238C1E485AD300A48BA1 /* MenuBarTest3Tests.xctest */,
				ACEE23971E485AD300A48BA1 /* MenuBarTest3UITests.xctest */,
			);
			name = Products;
			sourceTree = "<group>";
		};
		ACEE237A1E485AD300A48BA1 /* MenuBarTest3 */ = {
			isa = PBXGroup;
			children = (
				ACEE237B1E485AD300A48BA1 /* AppDelegate.swift */,
				ACEE237D1E485AD300A48BA1 /* ViewController.swift */,
				ACEE23AB1E48688400A48BA1 /* ChildViewController1.swift */,
				ACEE23AD1E48689100A48BA1 /* ChildViewController2.swift */,
				ACEE237F1E485AD300A48BA1 /* Main.storyboard */,
				ACEE23821E485AD300A48BA1 /* Assets.xcassets */,
				ACEE23841E485AD300A48BA1 /* LaunchScreen.storyboard */,
				ACEE23871E485AD300A48BA1 /* Info.plist */,
			);
			path = MenuBarTest3;
			sourceTree = "<group>";
		};
		ACEE238F1E485AD300A48BA1 /* MenuBarTest3Tests */ = {
			isa = PBXGroup;
			children = (
				ACEE23901E485AD300A48BA1 /* MenuBarTest3Tests.swift */,
				ACEE23921E485AD300A48BA1 /* Info.plist */,
			);
			path = MenuBarTest3Tests;
			sourceTree = "<group>";
		};
		ACEE239A1E485AD300A48BA1 /* MenuBarTest3UITests */ = {
			isa = PBXGroup;
			children = (
				ACEE239B1E485AD300A48BA1 /* MenuBarTest3UITests.swift */,
				ACEE239D1E485AD300A48BA1 /* Info.plist */,
			);
			path = MenuBarTest3UITests;
			sourceTree = "<group>";
		};
		DB41E41E1645297D7E8043F8 /* Frameworks */ = {
			isa = PBXGroup;
			children = (
				970133BBBD46BC95807D4213 /* Pods_MenuBarTest3.framework */,
				5F2E8FF8D9E087D871ACC115 /* Pods_MenuBarTest3Tests.framework */,
				DF8152CCD692410B053489C1 /* Pods_MenuBarTest3UITests.framework */,
			);
			name = Frameworks;
			sourceTree = "<group>";
		};
/* End PBXGroup section */

/* Begin PBXNativeTarget section */
		ACEE23771E485AD300A48BA1 /* MenuBarTest3 */ = {
			isa = PBXNativeTarget;
			buildConfigurationList = ACEE23A01E485AD300A48BA1 /* Build configuration list for PBXNativeTarget "MenuBarTest3" */;
			buildPhases = (
				EB9A99288D8CCAF6992C2049 /* [CP] Check Pods Manifest.lock */,
				ACEE23741E485AD300A48BA1 /* Sources */,
				ACEE23751E485AD300A48BA1 /* Frameworks */,
				ACEE23761E485AD300A48BA1 /* Resources */,
				C65F0FFB9C75A05A1A3069EF /* [CP] Embed Pods Frameworks */,
				A38DD6585DEBE34155FADB67 /* [CP] Copy Pods Resources */,
			);
			buildRules = (
			);
			dependencies = (
			);
			name = MenuBarTest3;
			productName = MenuBarTest3;
			productReference = ACEE23781E485AD300A48BA1 /* MenuBarTest3.app */;
			productType = "com.apple.product-type.application";
		};
		ACEE238B1E485AD300A48BA1 /* MenuBarTest3Tests */ = {
			isa = PBXNativeTarget;
			buildConfigurationList = ACEE23A31E485AD300A48BA1 /* Build configuration list for PBXNativeTarget "MenuBarTest3Tests" */;
			buildPhases = (
				15B56935CCA9630198802311 /* [CP] Check Pods Manifest.lock */,
				ACEE23881E485AD300A48BA1 /* Sources */,
				ACEE23891E485AD300A48BA1 /* Frameworks */,
				ACEE238A1E485AD300A48BA1 /* Resources */,
				9C152DACA63E5DF7A089B3FB /* [CP] Embed Pods Frameworks */,
				FA95DFA9741709D487EDBD8D /* [CP] Copy Pods Resources */,
			);
			buildRules = (
			);
			dependencies = (
				ACEE238E1E485AD300A48BA1 /* PBXTargetDependency */,
			);
			name = MenuBarTest3Tests;
			productName = MenuBarTest3Tests;
			productReference = ACEE238C1E485AD300A48BA1 /* MenuBarTest3Tests.xctest */;
			productType = "com.apple.product-type.bundle.unit-test";
		};
		ACEE23961E485AD300A48BA1 /* MenuBarTest3UITests */ = {
			isa = PBXNativeTarget;
			buildConfigurationList = ACEE23A61E485AD300A48BA1 /* Build configuration list for PBXNativeTarget "MenuBarTest3UITests" */;
			buildPhases = (
				7FB47FF2BD75753B2C304D00 /* [CP] Check Pods Manifest.lock */,
				ACEE23931E485AD300A48BA1 /* Sources */,
				ACEE23941E485AD300A48BA1 /* Frameworks */,
				ACEE23951E485AD300A48BA1 /* Resources */,
				ED9A83260C5A8AD173EBBEFB /* [CP] Embed Pods Frameworks */,
				5449FCEBB066BB7F39257DE7 /* [CP] Copy Pods Resources */,
			);
			buildRules = (
			);
			dependencies = (
				ACEE23991E485AD300A48BA1 /* PBXTargetDependency */,
			);
			name = MenuBarTest3UITests;
			productName = MenuBarTest3UITests;
			productReference = ACEE23971E485AD300A48BA1 /* MenuBarTest3UITests.xctest */;
			productType = "com.apple.product-type.bundle.ui-testing";
		};
/* End PBXNativeTarget section */

/* Begin PBXProject section */
		ACEE23701E485AD300A48BA1 /* Project object */ = {
			isa = PBXProject;
			attributes = {
				LastSwiftUpdateCheck = 0820;
				LastUpgradeCheck = 0820;
				ORGANIZATIONNAME = MeDiSee;
				TargetAttributes = {
					ACEE23771E485AD300A48BA1 = {
						CreatedOnToolsVersion = 8.2.1;
						DevelopmentTeam = CW3CUZ28A4;
						ProvisioningStyle = Automatic;
					};
					ACEE238B1E485AD300A48BA1 = {
						CreatedOnToolsVersion = 8.2.1;
						DevelopmentTeam = CW3CUZ28A4;
						ProvisioningStyle = Automatic;
						TestTargetID = ACEE23771E485AD300A48BA1;
					};
					ACEE23961E485AD300A48BA1 = {
						CreatedOnToolsVersion = 8.2.1;
						DevelopmentTeam = CW3CUZ28A4;
						ProvisioningStyle = Automatic;
						TestTargetID = ACEE23771E485AD300A48BA1;
					};
				};
			};
			buildConfigurationList = ACEE23731E485AD300A48BA1 /* Build configuration list for PBXProject "MenuBarTest3" */;
			compatibilityVersion = "Xcode 3.2";
			developmentRegion = English;
			hasScannedForEncodings = 0;
			knownRegions = (
				en,
				Base,
			);
			mainGroup = ACEE236F1E485AD300A48BA1;
			productRefGroup = ACEE23791E485AD300A48BA1 /* Products */;
			projectDirPath = "";
			projectRoot = "";
			targets = (
				ACEE23771E485AD300A48BA1 /* MenuBarTest3 */,
				ACEE238B1E485AD300A48BA1 /* MenuBarTest3Tests */,
				ACEE23961E485AD300A48BA1 /* MenuBarTest3UITests */,
			);
		};
/* End PBXProject section */

/* Begin PBXResourcesBuildPhase section */
		ACEE23761E485AD300A48BA1 /* Resources */ = {
			isa = PBXResourcesBuildPhase;
			buildActionMask = 2147483647;
			files = (
				ACEE23861E485AD300A48BA1 /* LaunchScreen.storyboard in Resources */,
				ACEE23831E485AD300A48BA1 /* Assets.xcassets in Resources */,
				ACEE23811E485AD300A48BA1 /* Main.storyboard in Resources */,
			);
			runOnlyForDeploymentPostprocessing = 0;
		};
		ACEE238A1E485AD300A48BA1 /* Resources */ = {
			isa = PBXResourcesBuildPhase;
			buildActionMask = 2147483647;
			files = (
			);
			runOnlyForDeploymentPostprocessing = 0;
		};
		ACEE23951E485AD300A48BA1 /* Resources */ = {
			isa = PBXResourcesBuildPhase;
			buildActionMask = 2147483647;
			files = (
			);
			runOnlyForDeploymentPostprocessing = 0;
		};
/* End PBXResourcesBuildPhase section */

/* Begin PBXShellScriptBuildPhase section */
		15B56935CCA9630198802311 /* [CP] Check Pods Manifest.lock */ = {
			isa = PBXShellScriptBuildPhase;
			buildActionMask = 2147483647;
			files = (
			);
			inputPaths = (
			);
			name = "[CP] Check Pods Manifest.lock";
			outputPaths = (
			);
			runOnlyForDeploymentPostprocessing = 0;
			shellPath = /bin/sh;
			shellScript = "diff \"${PODS_ROOT}/../Podfile.lock\" \"${PODS_ROOT}/Manifest.lock\" > /dev/null\nif [ $? != 0 ] ; then\n    # print error to STDERR\n    echo \"error: The sandbox is not in sync with the Podfile.lock. Run 'pod install' or update your CocoaPods installation.\" >&2\n    exit 1\nfi\n";
			showEnvVarsInLog = 0;
		};
		5449FCEBB066BB7F39257DE7 /* [CP] Copy Pods Resources */ = {
			isa = PBXShellScriptBuildPhase;
			buildActionMask = 2147483647;
			files = (
			);
			inputPaths = (
			);
			name = "[CP] Copy Pods Resources";
			outputPaths = (
			);
			runOnlyForDeploymentPostprocessing = 0;
			shellPath = /bin/sh;
			shellScript = "\"${SRCROOT}/Pods/Target Support Files/Pods-MenuBarTest3UITests/Pods-MenuBarTest3UITests-resources.sh\"\n";
			showEnvVarsInLog = 0;
		};
		7FB47FF2BD75753B2C304D00 /* [CP] Check Pods Manifest.lock */ = {
			isa = PBXShellScriptBuildPhase;
			buildActionMask = 2147483647;
			files = (
			);
			inputPaths = (
			);
			name = "[CP] Check Pods Manifest.lock";
			outputPaths = (
			);
			runOnlyForDeploymentPostprocessing = 0;
			shellPath = /bin/sh;
			shellScript = "diff \"${PODS_ROOT}/../Podfile.lock\" \"${PODS_ROOT}/Manifest.lock\" > /dev/null\nif [ $? != 0 ] ; then\n    # print error to STDERR\n    echo \"error: The sandbox is not in sync with the Podfile.lock. Run 'pod install' or update your CocoaPods installation.\" >&2\n    exit 1\nfi\n";
			showEnvVarsInLog = 0;
		};
		9C152DACA63E5DF7A089B3FB /* [CP] Embed Pods Frameworks */ = {
			isa = PBXShellScriptBuildPhase;
			buildActionMask = 2147483647;
			files = (
			);
			inputPaths = (
			);
			name = "[CP] Embed Pods Frameworks";
			outputPaths = (
			);
			runOnlyForDeploymentPostprocessing = 0;
			shellPath = /bin/sh;
			shellScript = "\"${SRCROOT}/Pods/Target Support Files/Pods-MenuBarTest3Tests/Pods-MenuBarTest3Tests-frameworks.sh\"\n";
			showEnvVarsInLog = 0;
		};
		A38DD6585DEBE34155FADB67 /* [CP] Copy Pods Resources */ = {
			isa = PBXShellScriptBuildPhase;
			buildActionMask = 2147483647;
			files = (
			);
			inputPaths = (
			);
			name = "[CP] Copy Pods Resources";
			outputPaths = (
			);
			runOnlyForDeploymentPostprocessing = 0;
			shellPath = /bin/sh;
			shellScript = "\"${SRCROOT}/Pods/Target Support Files/Pods-MenuBarTest3/Pods-MenuBarTest3-resources.sh\"\n";
			showEnvVarsInLog = 0;
		};
		C65F0FFB9C75A05A1A3069EF /* [CP] Embed Pods Frameworks */ = {
			isa = PBXShellScriptBuildPhase;
			buildActionMask = 2147483647;
			files = (
			);
			inputPaths = (
			);
			name = "[CP] Embed Pods Frameworks";
			outputPaths = (
			);
			runOnlyForDeploymentPostprocessing = 0;
			shellPath = /bin/sh;
			shellScript = "\"${SRCROOT}/Pods/Target Support Files/Pods-MenuBarTest3/Pods-MenuBarTest3-frameworks.sh\"\n";
			showEnvVarsInLog = 0;
		};
		EB9A99288D8CCAF6992C2049 /* [CP] Check Pods Manifest.lock */ = {
			isa = PBXShellScriptBuildPhase;
			buildActionMask = 2147483647;
			files = (
			);
			inputPaths = (
			);
			name = "[CP] Check Pods Manifest.lock";
			outputPaths = (
			);
			runOnlyForDeploymentPostprocessing = 0;
			shellPath = /bin/sh;
			shellScript = "diff \"${PODS_ROOT}/../Podfile.lock\" \"${PODS_ROOT}/Manifest.lock\" > /dev/null\nif [ $? != 0 ] ; then\n    # print error to STDERR\n    echo \"error: The sandbox is not in sync with the Podfile.lock. Run 'pod install' or update your CocoaPods installation.\" >&2\n    exit 1\nfi\n";
			showEnvVarsInLog = 0;
		};
		ED9A83260C5A8AD173EBBEFB /* [CP] Embed Pods Frameworks */ = {
			isa = PBXShellScriptBuildPhase;
			buildActionMask = 2147483647;
			files = (
			);
			inputPaths = (
			);
			name = "[CP] Embed Pods Frameworks";
			outputPaths = (
			);
			runOnlyForDeploymentPostprocessing = 0;
			shellPath = /bin/sh;
			shellScript = "\"${SRCROOT}/Pods/Target Support Files/Pods-MenuBarTest3UITests/Pods-MenuBarTest3UITests-frameworks.sh\"\n";
			showEnvVarsInLog = 0;
		};
		FA95DFA9741709D487EDBD8D /* [CP] Copy Pods Resources */ = {
			isa = PBXShellScriptBuildPhase;
			buildActionMask = 2147483647;
			files = (
			);
			inputPaths = (
			);
			name = "[CP] Copy Pods Resources";
			outputPaths = (
			);
			runOnlyForDeploymentPostprocessing = 0;
			shellPath = /bin/sh;
			shellScript = "\"${SRCROOT}/Pods/Target Support Files/Pods-MenuBarTest3Tests/Pods-MenuBarTest3Tests-resources.sh\"\n";
			showEnvVarsInLog = 0;
		};
/* End PBXShellScriptBuildPhase section */

/* Begin PBXSourcesBuildPhase section */
		ACEE23741E485AD300A48BA1 /* Sources */ = {
			isa = PBXSourcesBuildPhase;
			buildActionMask = 2147483647;
			files = (
				ACEE237E1E485AD300A48BA1 /* ViewController.swift in Sources */,
				ACEE23AC1E48688400A48BA1 /* ChildViewController1.swift in Sources */,
				ACEE23AE1E48689100A48BA1 /* ChildViewController2.swift in Sources */,
				ACEE237C1E485AD300A48BA1 /* AppDelegate.swift in Sources */,
			);
			runOnlyForDeploymentPostprocessing = 0;
		};
		ACEE23881E485AD300A48BA1 /* Sources */ = {
			isa = PBXSourcesBuildPhase;
			buildActionMask = 2147483647;
			files = (
				ACEE23911E485AD300A48BA1 /* MenuBarTest3Tests.swift in Sources */,
			);
			runOnlyForDeploymentPostprocessing = 0;
		};
		ACEE23931E485AD300A48BA1 /* Sources */ = {
			isa = PBXSourcesBuildPhase;
			buildActionMask = 2147483647;
			files = (
				ACEE239C1E485AD300A48BA1 /* MenuBarTest3UITests.swift in Sources */,
			);
			runOnlyForDeploymentPostprocessing = 0;
		};
/* End PBXSourcesBuildPhase section */

/* Begin PBXTargetDependency section */
		ACEE238E1E485AD300A48BA1 /* PBXTargetDependency */ = {
			isa = PBXTargetDependency;
			target = ACEE23771E485AD300A48BA1 /* MenuBarTest3 */;
			targetProxy = ACEE238D1E485AD300A48BA1 /* PBXContainerItemProxy */;
		};
		ACEE23991E485AD300A48BA1 /* PBXTargetDependency */ = {
			isa = PBXTargetDependency;
			target = ACEE23771E485AD300A48BA1 /* MenuBarTest3 */;
			targetProxy = ACEE23981E485AD300A48BA1 /* PBXContainerItemProxy */;
		};
/* End PBXTargetDependency section */

/* Begin PBXVariantGroup section */
		ACEE237F1E485AD300A48BA1 /* Main.storyboard */ = {
			isa = PBXVariantGroup;
			children = (
				ACEE23801E485AD300A48BA1 /* Base */,
			);
			name = Main.storyboard;
			sourceTree = "<group>";
		};
		ACEE23841E485AD300A48BA1 /* LaunchScreen.storyboard */ = {
			isa = PBXVariantGroup;
			children = (
				ACEE23851E485AD300A48BA1 /* Base */,
			);
			name = LaunchScreen.storyboard;
			sourceTree = "<group>";
		};
/* End PBXVariantGroup section */

/* Begin XCBuildConfiguration section */
		ACEE239E1E485AD300A48BA1 /* Debug */ = {
			isa = XCBuildConfiguration;
			buildSettings = {
				ALWAYS_SEARCH_USER_PATHS = NO;
				CLANG_ANALYZER_NONNULL = YES;
				CLANG_CXX_LANGUAGE_STANDARD = "gnu++0x";
				CLANG_CXX_LIBRARY = "libc++";
				CLANG_ENABLE_MODULES = YES;
				CLANG_ENABLE_OBJC_ARC = YES;
				CLANG_WARN_BOOL_CONVERSION = YES;
				CLANG_WARN_CONSTANT_CONVERSION = YES;
				CLANG_WARN_DIRECT_OBJC_ISA_USAGE = YES_ERROR;
				CLANG_WARN_DOCUMENTATION_COMMENTS = YES;
				CLANG_WARN_EMPTY_BODY = YES;
				CLANG_WARN_ENUM_CONVERSION = YES;
				CLANG_WARN_INFINITE_RECURSION = YES;
				CLANG_WARN_INT_CONVERSION = YES;
				CLANG_WARN_OBJC_ROOT_CLASS = YES_ERROR;
				CLANG_WARN_SUSPICIOUS_MOVE = YES;
				CLANG_WARN_UNREACHABLE_CODE = YES;
				CLANG_WARN__DUPLICATE_METHOD_MATCH = YES;
				"CODE_SIGN_IDENTITY[sdk=iphoneos*]" = "iPhone Developer";
				COPY_PHASE_STRIP = NO;
				DEBUG_INFORMATION_FORMAT = dwarf;
				ENABLE_STRICT_OBJC_MSGSEND = YES;
				ENABLE_TESTABILITY = YES;
				GCC_C_LANGUAGE_STANDARD = gnu99;
				GCC_DYNAMIC_NO_PIC = NO;
				GCC_NO_COMMON_BLOCKS = YES;
				GCC_OPTIMIZATION_LEVEL = 0;
				GCC_PREPROCESSOR_DEFINITIONS = (
					"DEBUG=1",
					"$(inherited)",
				);
				GCC_WARN_64_TO_32_BIT_CONVERSION = YES;
				GCC_WARN_ABOUT_RETURN_TYPE = YES_ERROR;
				GCC_WARN_UNDECLARED_SELECTOR = YES;
				GCC_WARN_UNINITIALIZED_AUTOS = YES_AGGRESSIVE;
				GCC_WARN_UNUSED_FUNCTION = YES;
				GCC_WARN_UNUSED_VARIABLE = YES;
				IPHONEOS_DEPLOYMENT_TARGET = 10.2;
				MTL_ENABLE_DEBUG_INFO = YES;
				ONLY_ACTIVE_ARCH = YES;
				SDKROOT = iphoneos;
				SWIFT_ACTIVE_COMPILATION_CONDITIONS = DEBUG;
				SWIFT_OPTIMIZATION_LEVEL = "-Onone";
			};
			name = Debug;
		};
		ACEE239F1E485AD300A48BA1 /* Release */ = {
			isa = XCBuildConfiguration;
			buildSettings = {
				ALWAYS_SEARCH_USER_PATHS = NO;
				CLANG_ANALYZER_NONNULL = YES;
				CLANG_CXX_LANGUAGE_STANDARD = "gnu++0x";
				CLANG_CXX_LIBRARY = "libc++";
				CLANG_ENABLE_MODULES = YES;
				CLANG_ENABLE_OBJC_ARC = YES;
				CLANG_WARN_BOOL_CONVERSION = YES;
				CLANG_WARN_CONSTANT_CONVERSION = YES;
				CLANG_WARN_DIRECT_OBJC_ISA_USAGE = YES_ERROR;
				CLANG_WARN_DOCUMENTATION_COMMENTS = YES;
				CLANG_WARN_EMPTY_BODY = YES;
				CLANG_WARN_ENUM_CONVERSION = YES;
				CLANG_WARN_INFINITE_RECURSION = YES;
				CLANG_WARN_INT_CONVERSION = YES;
				CLANG_WARN_OBJC_ROOT_CLASS = YES_ERROR;
				CLANG_WARN_SUSPICIOUS_MOVE = YES;
				CLANG_WARN_UNREACHABLE_CODE = YES;
				CLANG_WARN__DUPLICATE_METHOD_MATCH = YES;
				"CODE_SIGN_IDENTITY[sdk=iphoneos*]" = "iPhone Developer";
				COPY_PHASE_STRIP = NO;
				DEBUG_INFORMATION_FORMAT = "dwarf-with-dsym";
				ENABLE_NS_ASSERTIONS = NO;
				ENABLE_STRICT_OBJC_MSGSEND = YES;
				GCC_C_LANGUAGE_STANDARD = gnu99;
				GCC_NO_COMMON_BLOCKS = YES;
				GCC_WARN_64_TO_32_BIT_CONVERSION = YES;
				GCC_WARN_ABOUT_RETURN_TYPE = YES_ERROR;
				GCC_WARN_UNDECLARED_SELECTOR = YES;
				GCC_WARN_UNINITIALIZED_AUTOS = YES_AGGRESSIVE;
				GCC_WARN_UNUSED_FUNCTION = YES;
				GCC_WARN_UNUSED_VARIABLE = YES;
				IPHONEOS_DEPLOYMENT_TARGET = 10.2;
				MTL_ENABLE_DEBUG_INFO = NO;
				SDKROOT = iphoneos;
				SWIFT_OPTIMIZATION_LEVEL = "-Owholemodule";
				VALIDATE_PRODUCT = YES;
			};
			name = Release;
		};
		ACEE23A11E485AD300A48BA1 /* Debug */ = {
			isa = XCBuildConfiguration;
			baseConfigurationReference = 7B094D96C51FF8054AE454FC /* Pods-MenuBarTest3.debug.xcconfig */;
			buildSettings = {
				ASSETCATALOG_COMPILER_APPICON_NAME = AppIcon;
				DEVELOPMENT_TEAM = CW3CUZ28A4;
				INFOPLIST_FILE = MenuBarTest3/Info.plist;
				LD_RUNPATH_SEARCH_PATHS = "$(inherited) @executable_path/Frameworks";
				PRODUCT_BUNDLE_IDENTIFIER = Health.MenuBarTest3;
				PRODUCT_NAME = "$(TARGET_NAME)";
				SWIFT_VERSION = 3.0;
			};
			name = Debug;
		};
		ACEE23A21E485AD300A48BA1 /* Release */ = {
			isa = XCBuildConfiguration;
			baseConfigurationReference = 460F15197C197E5E3B12A5DE /* Pods-MenuBarTest3.release.xcconfig */;
			buildSettings = {
				ASSETCATALOG_COMPILER_APPICON_NAME = AppIcon;
				DEVELOPMENT_TEAM = CW3CUZ28A4;
				INFOPLIST_FILE = MenuBarTest3/Info.plist;
				LD_RUNPATH_SEARCH_PATHS = "$(inherited) @executable_path/Frameworks";
				PRODUCT_BUNDLE_IDENTIFIER = Health.MenuBarTest3;
				PRODUCT_NAME = "$(TARGET_NAME)";
				SWIFT_VERSION = 3.0;
			};
			name = Release;
		};
		ACEE23A41E485AD300A48BA1 /* Debug */ = {
			isa = XCBuildConfiguration;
			baseConfigurationReference = EE08A50D88EF64ECBC594055 /* Pods-MenuBarTest3Tests.debug.xcconfig */;
			buildSettings = {
				ALWAYS_EMBED_SWIFT_STANDARD_LIBRARIES = YES;
				BUNDLE_LOADER = "$(TEST_HOST)";
				DEVELOPMENT_TEAM = CW3CUZ28A4;
				INFOPLIST_FILE = MenuBarTest3Tests/Info.plist;
				LD_RUNPATH_SEARCH_PATHS = "$(inherited) @executable_path/Frameworks @loader_path/Frameworks";
				PRODUCT_BUNDLE_IDENTIFIER = Health.MenuBarTest3Tests;
				PRODUCT_NAME = "$(TARGET_NAME)";
				SWIFT_VERSION = 3.0;
				TEST_HOST = "$(BUILT_PRODUCTS_DIR)/MenuBarTest3.app/MenuBarTest3";
			};
			name = Debug;
		};
		ACEE23A51E485AD300A48BA1 /* Release */ = {
			isa = XCBuildConfiguration;
			baseConfigurationReference = 5923AE31B3D95D4B0B595BCD /* Pods-MenuBarTest3Tests.release.xcconfig */;
			buildSettings = {
				ALWAYS_EMBED_SWIFT_STANDARD_LIBRARIES = YES;
				BUNDLE_LOADER = "$(TEST_HOST)";
				DEVELOPMENT_TEAM = CW3CUZ28A4;
				INFOPLIST_FILE = MenuBarTest3Tests/Info.plist;
				LD_RUNPATH_SEARCH_PATHS = "$(inherited) @executable_path/Frameworks @loader_path/Frameworks";
				PRODUCT_BUNDLE_IDENTIFIER = Health.MenuBarTest3Tests;
				PRODUCT_NAME = "$(TARGET_NAME)";
				SWIFT_VERSION = 3.0;
				TEST_HOST = "$(BUILT_PRODUCTS_DIR)/MenuBarTest3.app/MenuBarTest3";
			};
			name = Release;
		};
		ACEE23A71E485AD300A48BA1 /* Debug */ = {
			isa = XCBuildConfiguration;
			baseConfigurationReference = 547EAA5BE3D78630B8386D20 /* Pods-MenuBarTest3UITests.debug.xcconfig */;
			buildSettings = {
				ALWAYS_EMBED_SWIFT_STANDARD_LIBRARIES = YES;
				DEVELOPMENT_TEAM = CW3CUZ28A4;
				INFOPLIST_FILE = MenuBarTest3UITests/Info.plist;
				LD_RUNPATH_SEARCH_PATHS = "$(inherited) @executable_path/Frameworks @loader_path/Frameworks";
				PRODUCT_BUNDLE_IDENTIFIER = Health.MenuBarTest3UITests;
				PRODUCT_NAME = "$(TARGET_NAME)";
				SWIFT_VERSION = 3.0;
				TEST_TARGET_NAME = MenuBarTest3;
			};
			name = Debug;
		};
		ACEE23A81E485AD300A48BA1 /* Release */ = {
			isa = XCBuildConfiguration;
			baseConfigurationReference = BFD230ADA25B7B05155C98D4 /* Pods-MenuBarTest3UITests.release.xcconfig */;
			buildSettings = {
				ALWAYS_EMBED_SWIFT_STANDARD_LIBRARIES = YES;
				DEVELOPMENT_TEAM = CW3CUZ28A4;
				INFOPLIST_FILE = MenuBarTest3UITests/Info.plist;
				LD_RUNPATH_SEARCH_PATHS = "$(inherited) @executable_path/Frameworks @loader_path/Frameworks";
				PRODUCT_BUNDLE_IDENTIFIER = Health.MenuBarTest3UITests;
				PRODUCT_NAME = "$(TARGET_NAME)";
				SWIFT_VERSION = 3.0;
				TEST_TARGET_NAME = MenuBarTest3;
			};
			name = Release;
		};
/* End XCBuildConfiguration section */

/* Begin XCConfigurationList section */
		ACEE23731E485AD300A48BA1 /* Build configuration list for PBXProject "MenuBarTest3" */ = {
			isa = XCConfigurationList;
			buildConfigurations = (
				ACEE239E1E485AD300A48BA1 /* Debug */,
				ACEE239F1E485AD300A48BA1 /* Release */,
			);
			defaultConfigurationIsVisible = 0;
			defaultConfigurationName = Release;
		};
		ACEE23A01E485AD300A48BA1 /* Build configuration list for PBXNativeTarget "MenuBarTest3" */ = {
			isa = XCConfigurationList;
			buildConfigurations = (
				ACEE23A11E485AD300A48BA1 /* Debug */,
				ACEE23A21E485AD300A48BA1 /* Release */,
			);
			defaultConfigurationIsVisible = 0;
			defaultConfigurationName = Release;
		};
		ACEE23A31E485AD300A48BA1 /* Build configuration list for PBXNativeTarget "MenuBarTest3Tests" */ = {
			isa = XCConfigurationList;
			buildConfigurations = (
				ACEE23A41E485AD300A48BA1 /* Debug */,
				ACEE23A51E485AD300A48BA1 /* Release */,
			);
			defaultConfigurationIsVisible = 0;
			defaultConfigurationName = Release;
		};
		ACEE23A61E485AD300A48BA1 /* Build configuration list for PBXNativeTarget "MenuBarTest3UITests" */ = {
			isa = XCConfigurationList;
			buildConfigurations = (
				ACEE23A71E485AD300A48BA1 /* Debug */,
				ACEE23A81E485AD300A48BA1 /* Release */,
			);
			defaultConfigurationIsVisible = 0;
			defaultConfigurationName = Release;
		};
/* End XCConfigurationList section */
	};
	rootObject = ACEE23701E485AD300A48BA1 /* Project object */;
}
